
Microsoft Visual Studio Solution File, Format Version 12.00
# Visual Studio Version 16
VisualStudioVersion = 16.0.30523.141
MinimumVisualStudioVersion = 10.0.40219.1
Project("{FAE04EC0-301F-11D3-BF4B-00C04F79EFBC}") = "NeonTrees", "NeonTrees\NeonTrees.csproj", "{80F9382E-208E-4BBD-B861-FBB610ABDFDA}"
EndProject
Global
	GlobalSection(SolutionConfigurationPlatforms) = preSolution
		Debug|Any CPU = Debug|Any CPU
		Release|Any CPU = Release|Any CPU
	EndGlobalSection
	GlobalSection(ProjectConfigurationPlatforms) = postSolution
		{80F9382E-208E-4BBD-B861-FBB610ABDFDA}.Debug|Any CPU.ActiveCfg = Debug|Any CPU
		{80F9382E-208E-4BBD-B861-FBB610ABDFDA}.Debug|Any CPU.Build.0 = Debug|Any CPU
		{80F9382E-208E-4BBD-B861-FBB610ABDFDA}.Release|Any CPU.ActiveCfg = Release|Any CPU
		{80F9382E-208E-4BBD-B861-FBB610ABDFDA}.Release|Any CPU.Build.0 = Release|Any CPU
	EndGlobalSection
	GlobalSection(SolutionProperties) = preSolution
		HideSolutionNode = FALSE
	EndGlobalSection
	GlobalSection(ExtensibilityGlobals) = postSolution
		SolutionGuid = {AA7BF1E5-4A6A-44D8-89CB-1F7962D6137A}
	EndGlobalSection
EndGlobal
