
Microsoft Visual Studio Solution File, Format Version 12.00
# Visual Studio Version 16
VisualStudioVersion = 16.0.30611.23
MinimumVisualStudioVersion = 10.0.40219.1
Project("{FAE04EC0-301F-11D3-BF4B-00C04F79EFBC}") = "NeonTrees DB", "NeonTrees DB\NeonTrees DB.csproj", "{3FBF6F8A-296E-4CAF-AD45-B9C423814223}"
EndProject
Global
	GlobalSection(SolutionConfigurationPlatforms) = preSolution
		Debug|Any CPU = Debug|Any CPU
		Release|Any CPU = Release|Any CPU
	EndGlobalSection
	GlobalSection(ProjectConfigurationPlatforms) = postSolution
		{3FBF6F8A-296E-4CAF-AD45-B9C423814223}.Debug|Any CPU.ActiveCfg = Debug|Any CPU
		{3FBF6F8A-296E-4CAF-AD45-B9C423814223}.Debug|Any CPU.Build.0 = Debug|Any CPU
		{3FBF6F8A-296E-4CAF-AD45-B9C423814223}.Release|Any CPU.ActiveCfg = Release|Any CPU
		{3FBF6F8A-296E-4CAF-AD45-B9C423814223}.Release|Any CPU.Build.0 = Release|Any CPU
	EndGlobalSection
	GlobalSection(SolutionProperties) = preSolution
		HideSolutionNode = FALSE
	EndGlobalSection
	GlobalSection(ExtensibilityGlobals) = postSolution
		SolutionGuid = {8F7C107A-3FD2-451E-BA52-29DAA73C54BA}
	EndGlobalSection
EndGlobal
